// !$*UTF8*$!
{
	archiveVersion = 1;
	classes = {
	};
	objectVersion = 46;
	objects = {

/* Begin PBXBuildFile section */
		A6B45F681A88FC510091F5A6 /* main.cpp in Sources */ = {isa = PBXBuildFile; fileRef = A6B45F671A88FC510091F5A6 /* main.cpp */; };
/* End PBXBuildFile section */

/* Begin PBXCopyFilesBuildPhase section */
		A6B45F621A88FC510091F5A6 /* CopyFiles */ = {
			isa = PBXCopyFilesBuildPhase;
			buildActionMask = 2147483647;
			dstPath = /usr/share/man/man1/;
			dstSubfolderSpec = 0;
			files = (
			);
			runOnlyForDeploymentPostprocessing = 1;
		};
/* End PBXCopyFilesBuildPhase section */

/* Begin PBXFileReference section */
		A6B45F641A88FC510091F5A6 /* Excercise */ = {isa = PBXFileReference; explicitFileType = "compiled.mach-o.executable"; includeInIndex = 0; path = Excercise; sourceTree = BUILT_PRODUCTS_DIR; };
		A6B45F671A88FC510091F5A6 /* main.cpp */ = {isa = PBXFileReference; lastKnownFileType = sourcecode.cpp.cpp; path = main.cpp; sourceTree = "<group>"; };
		A6B45F6E1A8906500091F5A6 /* g_sum.h */ = {isa = PBXFileReference; lastKnownFileType = sourcecode.c.h; path = g_sum.h; sourceTree = "<group>"; };
		A6B45F6F1A89076F0091F5A6 /* primeFact.h */ = {isa = PBXFileReference; lastKnownFileType = sourcecode.c.h; path = primeFact.h; sourceTree = "<group>"; };
		A6B45F701A890DC70091F5A6 /* pi.h */ = {isa = PBXFileReference; lastKnownFileType = sourcecode.c.h; path = pi.h; sourceTree = "<group>"; };
/* End PBXFileReference section */

/* Begin PBXFrameworksBuildPhase section */
		A6B45F611A88FC510091F5A6 /* Frameworks */ = {
			isa = PBXFrameworksBuildPhase;
			buildActionMask = 2147483647;
			files = (
			);
			runOnlyForDeploymentPostprocessing = 0;
		};
/* End PBXFrameworksBuildPhase section */

/* Begin PBXGroup section */
		A6B45F5B1A88FC510091F5A6 = {
			isa = PBXGroup;
			children = (
				A6B45F661A88FC510091F5A6 /* Excercise */,
				A6B45F651A88FC510091F5A6 /* Products */,
			);
			sourceTree = "<group>";
		};
		A6B45F651A88FC510091F5A6 /* Products */ = {
			isa = PBXGroup;
			children = (
				A6B45F641A88FC510091F5A6 /* Excercise */,
			);
			name = Products;
			sourceTree = "<group>";
		};
		A6B45F661A88FC510091F5A6 /* Excercise */ = {
			isa = PBXGroup;
			children = (
				A6B45F671A88FC510091F5A6 /* main.cpp */,
				A6B45F6E1A8906500091F5A6 /* g_sum.h */,
				A6B45F6F1A89076F0091F5A6 /* primeFact.h */,
				A6B45F701A890DC70091F5A6 /* pi.h */,
			);
			path = Excercise;
			sourceTree = "<group>";
		};
/* End PBXGroup section */

/* Begin PBXNativeTarget section */
		A6B45F631A88FC510091F5A6 /* Excercise */ = {
			isa = PBXNativeTarget;
			buildConfigurationList = A6B45F6B1A88FC510091F5A6 /* Build configuration list for PBXNativeTarget "Excercise" */;
			buildPhases = (
				A6B45F601A88FC510091F5A6 /* Sources */,
				A6B45F611A88FC510091F5A6 /* Frameworks */,
				A6B45F621A88FC510091F5A6 /* CopyFiles */,
			);
			buildRules = (
			);
			dependencies = (
			);
			name = Excercise;
			productName = Excercise;
			productReference = A6B45F641A88FC510091F5A6 /* Excercise */;
			productType = "com.apple.product-type.tool";
		};
/* End PBXNativeTarget section */

/* Begin PBXProject section */
		A6B45F5C1A88FC510091F5A6 /* Project object */ = {
			isa = PBXProject;
			attributes = {
				LastUpgradeCheck = 0610;
				ORGANIZATIONNAME = "Tuan Nguyen Trung";
				TargetAttributes = {
					A6B45F631A88FC510091F5A6 = {
						CreatedOnToolsVersion = 6.1.1;
					};
				};
			};
			buildConfigurationList = A6B45F5F1A88FC510091F5A6 /* Build configuration list for PBXProject "Excercise" */;
			compatibilityVersion = "Xcode 3.2";
			developmentRegion = English;
			hasScannedForEncodings = 0;
			knownRegions = (
				en,
			);
			mainGroup = A6B45F5B1A88FC510091F5A6;
			productRefGroup = A6B45F651A88FC510091F5A6 /* Products */;
			projectDirPath = "";
			projectRoot = "";
			targets = (
				A6B45F631A88FC510091F5A6 /* Excercise */,
			);
		};
/* End PBXProject section */

/* Begin PBXSourcesBuildPhase section */
		A6B45F601A88FC510091F5A6 /* Sources */ = {
			isa = PBXSourcesBuildPhase;
			buildActionMask = 2147483647;
			files = (
				A6B45F681A88FC510091F5A6 /* main.cpp in Sources */,
			);
			runOnlyForDeploymentPostprocessing = 0;
		};
/* End PBXSourcesBuildPhase section */

/* Begin XCBuildConfiguration section */
		A6B45F691A88FC510091F5A6 /* Debug */ = {
			isa = XCBuildConfiguration;
			buildSettings = {
				ALWAYS_SEARCH_USER_PATHS = NO;
				CLANG_CXX_LANGUAGE_STANDARD = "gnu++0x";
				CLANG_CXX_LIBRARY = "libc++";
				CLANG_ENABLE_MODULES = YES;
				CLANG_ENABLE_OBJC_ARC = YES;
				CLANG_WARN_BOOL_CONVERSION = YES;
				CLANG_WARN_CONSTANT_CONVERSION = YES;
				CLANG_WARN_DIRECT_OBJC_ISA_USAGE = YES_ERROR;
				CLANG_WARN_EMPTY_BODY = YES;
				CLANG_WARN_ENUM_CONVERSION = YES;
				CLANG_WARN_INT_CONVERSION = YES;
				CLANG_WARN_OBJC_ROOT_CLASS = YES_ERROR;
				CLANG_WARN_UNREACHABLE_CODE = YES;
				CLANG_WARN__DUPLICATE_METHOD_MATCH = YES;
				COPY_PHASE_STRIP = NO;
				ENABLE_STRICT_OBJC_MSGSEND = YES;
				GCC_C_LANGUAGE_STANDARD = gnu99;
				GCC_DYNAMIC_NO_PIC = NO;
				GCC_OPTIMIZATION_LEVEL = 0;
				GCC_PREPROCESSOR_DEFINITIONS = (
					"DEBUG=1",
					"$(inherited)",
				);
				GCC_SYMBOLS_PRIVATE_EXTERN = NO;
				GCC_WARN_64_TO_32_BIT_CONVERSION = YES;
				GCC_WARN_ABOUT_RETURN_TYPE = YES_ERROR;
				GCC_WARN_UNDECLARED_SELECTOR = YES;
				GCC_WARN_UNINITIALIZED_AUTOS = YES_AGGRESSIVE;
				GCC_WARN_UNUSED_FUNCTION = YES;
				GCC_WARN_UNUSED_VARIABLE = YES;
				MACOSX_DEPLOYMENT_TARGET = 10.10;
				MTL_ENABLE_DEBUG_INFO = YES;
				ONLY_ACTIVE_ARCH = YES;
				SDKROOT = macosx;
			};
			name = Debug;
		};
		A6B45F6A1A88FC510091F5A6 /* Release */ = {
			isa = XCBuildConfiguration;
			buildSettings = {
				ALWAYS_SEARCH_USER_PATHS = NO;
				CLANG_CXX_LANGUAGE_STANDARD = "gnu++0x";
				CLANG_CXX_LIBRARY = "libc++";
				CLANG_ENABLE_MODULES = YES;
				CLANG_ENABLE_OBJC_ARC = YES;
				CLANG_WARN_BOOL_CONVERSION = YES;
				CLANG_WARN_CONSTANT_CONVERSION = YES;
				CLANG_WARN_DIRECT_OBJC_ISA_USAGE = YES_ERROR;
				CLANG_WARN_EMPTY_BODY = YES;
				CLANG_WARN_ENUM_CONVERSION = YES;
				CLANG_WARN_INT_CONVERSION = YES;
				CLANG_WARN_OBJC_ROOT_CLASS = YES_ERROR;
				CLANG_WARN_UNREACHABLE_CODE = YES;
				CLANG_WARN__DUPLICATE_METHOD_MATCH = YES;
				COPY_PHASE_STRIP = YES;
				DEBUG_INFORMATION_FORMAT = "dwarf-with-dsym";
				ENABLE_NS_ASSERTIONS = NO;
				ENABLE_STRICT_OBJC_MSGSEND = YES;
				GCC_C_LANGUAGE_STANDARD = gnu99;
				GCC_WARN_64_TO_32_BIT_CONVERSION = YES;
				GCC_WARN_ABOUT_RETURN_TYPE = YES_ERROR;
				GCC_WARN_UNDECLARED_SELECTOR = YES;
				GCC_WARN_UNINITIALIZED_AUTOS = YES_AGGRESSIVE;
				GCC_WARN_UNUSED_FUNCTION = YES;
				GCC_WARN_UNUSED_VARIABLE = YES;
				MACOSX_DEPLOYMENT_TARGET = 10.10;
				MTL_ENABLE_DEBUG_INFO = NO;
				SDKROOT = macosx;
			};
			name = Release;
		};
		A6B45F6C1A88FC510091F5A6 /* Debug */ = {
			isa = XCBuildConfiguration;
			buildSettings = {
				PRODUCT_NAME = "$(TARGET_NAME)";
			};
			name = Debug;
		};
		A6B45F6D1A88FC510091F5A6 /* Release */ = {
			isa = XCBuildConfiguration;
			buildSettings = {
				PRODUCT_NAME = "$(TARGET_NAME)";
			};
			name = Release;
		};
/* End XCBuildConfiguration section */

/* Begin XCConfigurationList section */
		A6B45F5F1A88FC510091F5A6 /* Build configuration list for PBXProject "Excercise" */ = {
			isa = XCConfigurationList;
			buildConfigurations = (
				A6B45F691A88FC510091F5A6 /* Debug */,
				A6B45F6A1A88FC510091F5A6 /* Release */,
			);
			defaultConfigurationIsVisible = 0;
			defaultConfigurationName = Release;
		};
		A6B45F6B1A88FC510091F5A6 /* Build configuration list for PBXNativeTarget "Excercise" */ = {
			isa = XCConfigurationList;
			buildConfigurations = (
				A6B45F6C1A88FC510091F5A6 /* Debug */,
				A6B45F6D1A88FC510091F5A6 /* Release */,
			);
			defaultConfigurationIsVisible = 0;
		};
/* End XCConfigurationList section */
	};
	rootObject = A6B45F5C1A88FC510091F5A6 /* Project object */;
}
